// !$*UTF8*$!
{
	archiveVersion = 1;
	classes = {
	};
	objectVersion = 51;
	objects = {

/* Begin PBXBuildFile section */
		5B03C5CE2480A95800B0195E /* LoginScreen.swift in Sources */ = {isa = PBXBuildFile; fileRef = 5B03C5CD2480A95800B0195E /* LoginScreen.swift */; };
		5B03C5CF2480D05900B0195E /* GoogleService-Info.plist in Resources */ = {isa = PBXBuildFile; fileRef = 5B860AC8247338C00058358D /* GoogleService-Info.plist */; };
		5B28724A247ECD2200C836E8 /* Localizable.strings in Resources */ = {isa = PBXBuildFile; fileRef = 5B287248247ECD2200C836E8 /* Localizable.strings */; };
		5B5F039E2478E5020067A256 /* ProfileService.swift in Sources */ = {isa = PBXBuildFile; fileRef = 5B5F03982478E5010067A256 /* ProfileService.swift */; };
		5B5F039F2478E5020067A256 /* ProfileInteractor.swift in Sources */ = {isa = PBXBuildFile; fileRef = 5B5F03992478E5010067A256 /* ProfileInteractor.swift */; };
		5B5F03A02478E5020067A256 /* ProfilePresenter.swift in Sources */ = {isa = PBXBuildFile; fileRef = 5B5F039A2478E5010067A256 /* ProfilePresenter.swift */; };
		5B5F03A12478E5020067A256 /* ProfileRouter.swift in Sources */ = {isa = PBXBuildFile; fileRef = 5B5F039B2478E5010067A256 /* ProfileRouter.swift */; };
		5B5F03A22478E5020067A256 /* ProfileStyle.swift in Sources */ = {isa = PBXBuildFile; fileRef = 5B5F039C2478E5020067A256 /* ProfileStyle.swift */; };
		5B5F03A32478E5020067A256 /* ProfileView.swift in Sources */ = {isa = PBXBuildFile; fileRef = 5B5F039D2478E5020067A256 /* ProfileView.swift */; };
		5B72FF382464727B002FF7F1 /* LocalizableLanguage.swift in Sources */ = {isa = PBXBuildFile; fileRef = 5B72FF372464727B002FF7F1 /* LocalizableLanguage.swift */; };
		5B72FF3A24647553002FF7F1 /* LanguageManager.swift in Sources */ = {isa = PBXBuildFile; fileRef = 5B72FF3924647553002FF7F1 /* LanguageManager.swift */; };
		5B72FF3E2468A6BC002FF7F1 /* FBAuth.swift in Sources */ = {isa = PBXBuildFile; fileRef = 5B72FF3D2468A6BC002FF7F1 /* FBAuth.swift */; };
		5B72FF65246A2AAD002FF7F1 /* UserDataEntity.swift in Sources */ = {isa = PBXBuildFile; fileRef = 5B72FF64246A2AAD002FF7F1 /* UserDataEntity.swift */; };
		5B72FF67246B4EA5002FF7F1 /* String+Validation.swift in Sources */ = {isa = PBXBuildFile; fileRef = 5B72FF66246B4EA5002FF7F1 /* String+Validation.swift */; };
		5B72FF69246B542A002FF7F1 /* FontStyle.swift in Sources */ = {isa = PBXBuildFile; fileRef = 5B72FF68246B542A002FF7F1 /* FontStyle.swift */; };
		5B72FF6B246B5DBD002FF7F1 /* BaseStyle.swift in Sources */ = {isa = PBXBuildFile; fileRef = 5B72FF6A246B5DBD002FF7F1 /* BaseStyle.swift */; };
		5B860ABA246F5C110058358D /* SettingsView.swift in Sources */ = {isa = PBXBuildFile; fileRef = 5B860AB4246F5C110058358D /* SettingsView.swift */; };
		5B860ABB246F5C110058358D /* SettingsRouter.swift in Sources */ = {isa = PBXBuildFile; fileRef = 5B860AB5246F5C110058358D /* SettingsRouter.swift */; };
		5B860ABC246F5C110058358D /* SettingsStyle.swift in Sources */ = {isa = PBXBuildFile; fileRef = 5B860AB6246F5C110058358D /* SettingsStyle.swift */; };
		5B860ABD246F5C110058358D /* SettingsService.swift in Sources */ = {isa = PBXBuildFile; fileRef = 5B860AB7246F5C110058358D /* SettingsService.swift */; };
		5B860ABE246F5C110058358D /* SettingsInteractor.swift in Sources */ = {isa = PBXBuildFile; fileRef = 5B860AB8246F5C110058358D /* SettingsInteractor.swift */; };
		5B860ABF246F5C110058358D /* SettingsPresenter.swift in Sources */ = {isa = PBXBuildFile; fileRef = 5B860AB9246F5C110058358D /* SettingsPresenter.swift */; };
		5B860AC72471D6780058358D /* AuthenticationError.swift in Sources */ = {isa = PBXBuildFile; fileRef = 5B860AC62471D6780058358D /* AuthenticationError.swift */; };
		5B860ADE24734F110058358D /* AboutView.swift in Sources */ = {isa = PBXBuildFile; fileRef = 5B860AD824734F110058358D /* AboutView.swift */; };
		5B860ADF24734F110058358D /* AboutRouter.swift in Sources */ = {isa = PBXBuildFile; fileRef = 5B860AD924734F110058358D /* AboutRouter.swift */; };
		5B860AE024734F110058358D /* AboutStyle.swift in Sources */ = {isa = PBXBuildFile; fileRef = 5B860ADA24734F110058358D /* AboutStyle.swift */; };
		5B860AE124734F110058358D /* AboutService.swift in Sources */ = {isa = PBXBuildFile; fileRef = 5B860ADB24734F110058358D /* AboutService.swift */; };
		5B860AE224734F110058358D /* AboutInteractor.swift in Sources */ = {isa = PBXBuildFile; fileRef = 5B860ADC24734F110058358D /* AboutInteractor.swift */; };
		5B860AE324734F110058358D /* AboutPresenter.swift in Sources */ = {isa = PBXBuildFile; fileRef = 5B860ADD24734F110058358D /* AboutPresenter.swift */; };
		5BBCF222241C8F3A002BD0C0 /* RegisterView.swift in Sources */ = {isa = PBXBuildFile; fileRef = 5BBCF21B241C8F3A002BD0C0 /* RegisterView.swift */; };
		5BBCF223241C8F3A002BD0C0 /* RegisterRouter.swift in Sources */ = {isa = PBXBuildFile; fileRef = 5BBCF21C241C8F3A002BD0C0 /* RegisterRouter.swift */; };
		5BBCF224241C8F3A002BD0C0 /* RegisterStyle.swift in Sources */ = {isa = PBXBuildFile; fileRef = 5BBCF21D241C8F3A002BD0C0 /* RegisterStyle.swift */; };
		5BBCF225241C8F3A002BD0C0 /* RegisterService.swift in Sources */ = {isa = PBXBuildFile; fileRef = 5BBCF21E241C8F3A002BD0C0 /* RegisterService.swift */; };
		5BBCF226241C8F3A002BD0C0 /* RegisterInteractor.swift in Sources */ = {isa = PBXBuildFile; fileRef = 5BBCF21F241C8F3A002BD0C0 /* RegisterInteractor.swift */; };
		5BBCF228241C8F3A002BD0C0 /* RegisterPresenter.swift in Sources */ = {isa = PBXBuildFile; fileRef = 5BBCF221241C8F3A002BD0C0 /* RegisterPresenter.swift */; };
		83074A9F23FDE8C30055EFE9 /* DashboardView.swift in Sources */ = {isa = PBXBuildFile; fileRef = 83074A9823FDE8C30055EFE9 /* DashboardView.swift */; };
		83074AA023FDE8C30055EFE9 /* DashboardRouter.swift in Sources */ = {isa = PBXBuildFile; fileRef = 83074A9923FDE8C30055EFE9 /* DashboardRouter.swift */; };
		83074AA123FDE8C30055EFE9 /* DashboardStyle.swift in Sources */ = {isa = PBXBuildFile; fileRef = 83074A9A23FDE8C30055EFE9 /* DashboardStyle.swift */; };
		83074AA223FDE8C30055EFE9 /* DashboardService.swift in Sources */ = {isa = PBXBuildFile; fileRef = 83074A9B23FDE8C30055EFE9 /* DashboardService.swift */; };
		83074AA323FDE8C30055EFE9 /* DashboardInteractor.swift in Sources */ = {isa = PBXBuildFile; fileRef = 83074A9C23FDE8C30055EFE9 /* DashboardInteractor.swift */; };
		83074AA523FDE8C30055EFE9 /* DashboardPresenter.swift in Sources */ = {isa = PBXBuildFile; fileRef = 83074A9E23FDE8C30055EFE9 /* DashboardPresenter.swift */; };
		8390CCC523DB7E8000E0DBBD /* Util.swift in Sources */ = {isa = PBXBuildFile; fileRef = 8390CCC423DB7E8000E0DBBD /* Util.swift */; };
		8390CCDC23E0C46400E0DBBD /* LoginView.swift in Sources */ = {isa = PBXBuildFile; fileRef = 8390CCD523E0C46400E0DBBD /* LoginView.swift */; };
		8390CCDD23E0C46400E0DBBD /* LoginRouter.swift in Sources */ = {isa = PBXBuildFile; fileRef = 8390CCD623E0C46400E0DBBD /* LoginRouter.swift */; };
		8390CCDE23E0C46400E0DBBD /* LoginStyle.swift in Sources */ = {isa = PBXBuildFile; fileRef = 8390CCD723E0C46400E0DBBD /* LoginStyle.swift */; };
		8390CCDF23E0C46400E0DBBD /* LoginService.swift in Sources */ = {isa = PBXBuildFile; fileRef = 8390CCD823E0C46400E0DBBD /* LoginService.swift */; };
		8390CCE023E0C46400E0DBBD /* LoginInteractor.swift in Sources */ = {isa = PBXBuildFile; fileRef = 8390CCD923E0C46400E0DBBD /* LoginInteractor.swift */; };
		8390CCE223E0C46400E0DBBD /* LoginPresenter.swift in Sources */ = {isa = PBXBuildFile; fileRef = 8390CCDB23E0C46400E0DBBD /* LoginPresenter.swift */; };
		83AA8FB8238381130061782A /* BaseAppDelegate.swift in Sources */ = {isa = PBXBuildFile; fileRef = 83AA8FB7238381130061782A /* BaseAppDelegate.swift */; };
		83AA8FBA238381130061782A /* BaseRootViewController.swift in Sources */ = {isa = PBXBuildFile; fileRef = 83AA8FB9238381130061782A /* BaseRootViewController.swift */; };
		83AA8FBF238381150061782A /* BaseAssets.xcassets in Resources */ = {isa = PBXBuildFile; fileRef = 83AA8FBE238381150061782A /* BaseAssets.xcassets */; };
		83AA8FC2238381150061782A /* LaunchScreen.storyboard in Resources */ = {isa = PBXBuildFile; fileRef = 83AA8FC0238381150061782A /* LaunchScreen.storyboard */; };
		83AA8FCD238381150061782A /* BaseAppTests.swift in Sources */ = {isa = PBXBuildFile; fileRef = 83AA8FCC238381150061782A /* BaseAppTests.swift */; };
		83AA8FD8238381150061782A /* BaseAppUITests.swift in Sources */ = {isa = PBXBuildFile; fileRef = 83AA8FD7238381150061782A /* BaseAppUITests.swift */; };
		83AA8FE72383D01D0061782A /* Constants.swift in Sources */ = {isa = PBXBuildFile; fileRef = 83AA8FE62383D01D0061782A /* Constants.swift */; };
		84E433EB5F555013A2CEC5F7 /* Pods_BaseAppTests.framework in Frameworks */ = {isa = PBXBuildFile; fileRef = 7647DD500941D40BE09EF856 /* Pods_BaseAppTests.framework */; };
		94D2C3146C4095634849AF31 /* Pods_BaseApp.framework in Frameworks */ = {isa = PBXBuildFile; fileRef = 43B8AFAF249616DCD89635F0 /* Pods_BaseApp.framework */; };
		BE56BF7145574A66DE19770C /* Pods_BaseAppUITests.framework in Frameworks */ = {isa = PBXBuildFile; fileRef = BB99D505CB987784CBE8517B /* Pods_BaseAppUITests.framework */; };
/* End PBXBuildFile section */

/* Begin PBXContainerItemProxy section */
		83AA8FC9238381150061782A /* PBXContainerItemProxy */ = {
			isa = PBXContainerItemProxy;
			containerPortal = 83AA8FAC238381130061782A /* Project object */;
			proxyType = 1;
			remoteGlobalIDString = 83AA8FB3238381130061782A;
			remoteInfo = BaseApp;
		};
		83AA8FD4238381150061782A /* PBXContainerItemProxy */ = {
			isa = PBXContainerItemProxy;
			containerPortal = 83AA8FAC238381130061782A /* Project object */;
			proxyType = 1;
			remoteGlobalIDString = 83AA8FB3238381130061782A;
			remoteInfo = BaseApp;
		};
/* End PBXContainerItemProxy section */

/* Begin PBXFileReference section */
		2B4E03FAFFFF764327FBE30B /* Pods-BaseAppUITests.debug.xcconfig */ = {isa = PBXFileReference; includeInIndex = 1; lastKnownFileType = text.xcconfig; name = "Pods-BaseAppUITests.debug.xcconfig"; path = "Target Support Files/Pods-BaseAppUITests/Pods-BaseAppUITests.debug.xcconfig"; sourceTree = "<group>"; };
		43B8AFAF249616DCD89635F0 /* Pods_BaseApp.framework */ = {isa = PBXFileReference; explicitFileType = wrapper.framework; includeInIndex = 0; path = Pods_BaseApp.framework; sourceTree = BUILT_PRODUCTS_DIR; };
		5B03C5CD2480A95800B0195E /* LoginScreen.swift */ = {isa = PBXFileReference; fileEncoding = 4; lastKnownFileType = sourcecode.swift; name = LoginScreen.swift; path = Screens/LoginScreen.swift; sourceTree = "<group>"; };
		5B287246247ECC3A00C836E8 /* Base */ = {isa = PBXFileReference; lastKnownFileType = file.storyboard; name = Base; path = Base.lproj/LaunchScreen.storyboard; sourceTree = "<group>"; };
		5B287247247ECC5E00C836E8 /* ml */ = {isa = PBXFileReference; lastKnownFileType = text.plist.strings; name = ml; path = ml.lproj/LaunchScreen.strings; sourceTree = "<group>"; };
		5B287249247ECD2200C836E8 /* Base */ = {isa = PBXFileReference; lastKnownFileType = text.plist.strings; name = Base; path = Base.lproj/Localizable.strings; sourceTree = "<group>"; };
		5B28724B247ECD7900C836E8 /* en */ = {isa = PBXFileReference; lastKnownFileType = text.plist.strings; name = en; path = en.lproj/Localizable.strings; sourceTree = "<group>"; };
		5B28724C247ECD7A00C836E8 /* ml */ = {isa = PBXFileReference; lastKnownFileType = text.plist.strings; name = ml; path = ml.lproj/Localizable.strings; sourceTree = "<group>"; };
		5B5F03982478E5010067A256 /* ProfileService.swift */ = {isa = PBXFileReference; fileEncoding = 4; lastKnownFileType = sourcecode.swift; path = ProfileService.swift; sourceTree = "<group>"; };
		5B5F03992478E5010067A256 /* ProfileInteractor.swift */ = {isa = PBXFileReference; fileEncoding = 4; lastKnownFileType = sourcecode.swift; path = ProfileInteractor.swift; sourceTree = "<group>"; };
		5B5F039A2478E5010067A256 /* ProfilePresenter.swift */ = {isa = PBXFileReference; fileEncoding = 4; lastKnownFileType = sourcecode.swift; path = ProfilePresenter.swift; sourceTree = "<group>"; };
		5B5F039B2478E5010067A256 /* ProfileRouter.swift */ = {isa = PBXFileReference; fileEncoding = 4; lastKnownFileType = sourcecode.swift; path = ProfileRouter.swift; sourceTree = "<group>"; };
		5B5F039C2478E5020067A256 /* ProfileStyle.swift */ = {isa = PBXFileReference; fileEncoding = 4; lastKnownFileType = sourcecode.swift; path = ProfileStyle.swift; sourceTree = "<group>"; };
		5B5F039D2478E5020067A256 /* ProfileView.swift */ = {isa = PBXFileReference; fileEncoding = 4; lastKnownFileType = sourcecode.swift; path = ProfileView.swift; sourceTree = "<group>"; };
		5B72FF372464727B002FF7F1 /* LocalizableLanguage.swift */ = {isa = PBXFileReference; lastKnownFileType = sourcecode.swift; path = LocalizableLanguage.swift; sourceTree = "<group>"; };
		5B72FF3924647553002FF7F1 /* LanguageManager.swift */ = {isa = PBXFileReference; lastKnownFileType = sourcecode.swift; path = LanguageManager.swift; sourceTree = "<group>"; };
		5B72FF3D2468A6BC002FF7F1 /* FBAuth.swift */ = {isa = PBXFileReference; lastKnownFileType = sourcecode.swift; path = FBAuth.swift; sourceTree = "<group>"; };
		5B72FF64246A2AAD002FF7F1 /* UserDataEntity.swift */ = {isa = PBXFileReference; lastKnownFileType = sourcecode.swift; path = UserDataEntity.swift; sourceTree = "<group>"; };
		5B72FF66246B4EA5002FF7F1 /* String+Validation.swift */ = {isa = PBXFileReference; lastKnownFileType = sourcecode.swift; path = "String+Validation.swift"; sourceTree = "<group>"; };
		5B72FF68246B542A002FF7F1 /* FontStyle.swift */ = {isa = PBXFileReference; lastKnownFileType = sourcecode.swift; path = FontStyle.swift; sourceTree = "<group>"; };
		5B72FF6A246B5DBD002FF7F1 /* BaseStyle.swift */ = {isa = PBXFileReference; lastKnownFileType = sourcecode.swift; path = BaseStyle.swift; sourceTree = "<group>"; };
		5B860AB4246F5C110058358D /* SettingsView.swift */ = {isa = PBXFileReference; lastKnownFileType = sourcecode.swift; path = SettingsView.swift; sourceTree = "<group>"; };
		5B860AB5246F5C110058358D /* SettingsRouter.swift */ = {isa = PBXFileReference; lastKnownFileType = sourcecode.swift; path = SettingsRouter.swift; sourceTree = "<group>"; };
		5B860AB6246F5C110058358D /* SettingsStyle.swift */ = {isa = PBXFileReference; lastKnownFileType = sourcecode.swift; path = SettingsStyle.swift; sourceTree = "<group>"; };
		5B860AB7246F5C110058358D /* SettingsService.swift */ = {isa = PBXFileReference; lastKnownFileType = sourcecode.swift; path = SettingsService.swift; sourceTree = "<group>"; };
		5B860AB8246F5C110058358D /* SettingsInteractor.swift */ = {isa = PBXFileReference; lastKnownFileType = sourcecode.swift; path = SettingsInteractor.swift; sourceTree = "<group>"; };
		5B860AB9246F5C110058358D /* SettingsPresenter.swift */ = {isa = PBXFileReference; lastKnownFileType = sourcecode.swift; path = SettingsPresenter.swift; sourceTree = "<group>"; };
		5B860AC62471D6780058358D /* AuthenticationError.swift */ = {isa = PBXFileReference; lastKnownFileType = sourcecode.swift; path = AuthenticationError.swift; sourceTree = "<group>"; };
		5B860AC8247338C00058358D /* GoogleService-Info.plist */ = {isa = PBXFileReference; fileEncoding = 4; lastKnownFileType = text.plist.xml; path = "GoogleService-Info.plist"; sourceTree = "<group>"; };
		5B860AD824734F110058358D /* AboutView.swift */ = {isa = PBXFileReference; lastKnownFileType = sourcecode.swift; path = AboutView.swift; sourceTree = "<group>"; };
		5B860AD924734F110058358D /* AboutRouter.swift */ = {isa = PBXFileReference; lastKnownFileType = sourcecode.swift; path = AboutRouter.swift; sourceTree = "<group>"; };
		5B860ADA24734F110058358D /* AboutStyle.swift */ = {isa = PBXFileReference; lastKnownFileType = sourcecode.swift; path = AboutStyle.swift; sourceTree = "<group>"; };
		5B860ADB24734F110058358D /* AboutService.swift */ = {isa = PBXFileReference; lastKnownFileType = sourcecode.swift; path = AboutService.swift; sourceTree = "<group>"; };
		5B860ADC24734F110058358D /* AboutInteractor.swift */ = {isa = PBXFileReference; lastKnownFileType = sourcecode.swift; path = AboutInteractor.swift; sourceTree = "<group>"; };
		5B860ADD24734F110058358D /* AboutPresenter.swift */ = {isa = PBXFileReference; lastKnownFileType = sourcecode.swift; path = AboutPresenter.swift; sourceTree = "<group>"; };
		5BBCF21B241C8F3A002BD0C0 /* RegisterView.swift */ = {isa = PBXFileReference; lastKnownFileType = sourcecode.swift; path = RegisterView.swift; sourceTree = "<group>"; };
		5BBCF21C241C8F3A002BD0C0 /* RegisterRouter.swift */ = {isa = PBXFileReference; lastKnownFileType = sourcecode.swift; path = RegisterRouter.swift; sourceTree = "<group>"; };
		5BBCF21D241C8F3A002BD0C0 /* RegisterStyle.swift */ = {isa = PBXFileReference; lastKnownFileType = sourcecode.swift; path = RegisterStyle.swift; sourceTree = "<group>"; };
		5BBCF21E241C8F3A002BD0C0 /* RegisterService.swift */ = {isa = PBXFileReference; lastKnownFileType = sourcecode.swift; path = RegisterService.swift; sourceTree = "<group>"; };
		5BBCF21F241C8F3A002BD0C0 /* RegisterInteractor.swift */ = {isa = PBXFileReference; lastKnownFileType = sourcecode.swift; path = RegisterInteractor.swift; sourceTree = "<group>"; };
		5BBCF221241C8F3A002BD0C0 /* RegisterPresenter.swift */ = {isa = PBXFileReference; lastKnownFileType = sourcecode.swift; path = RegisterPresenter.swift; sourceTree = "<group>"; };
		74C7EC81218ECDAF5BC95E8C /* Pods-BaseAppTests.release.xcconfig */ = {isa = PBXFileReference; includeInIndex = 1; lastKnownFileType = text.xcconfig; name = "Pods-BaseAppTests.release.xcconfig"; path = "Target Support Files/Pods-BaseAppTests/Pods-BaseAppTests.release.xcconfig"; sourceTree = "<group>"; };
		75141B969D840028C273E61F /* Pods-BaseAppUITests.release.xcconfig */ = {isa = PBXFileReference; includeInIndex = 1; lastKnownFileType = text.xcconfig; name = "Pods-BaseAppUITests.release.xcconfig"; path = "Target Support Files/Pods-BaseAppUITests/Pods-BaseAppUITests.release.xcconfig"; sourceTree = "<group>"; };
		7647DD500941D40BE09EF856 /* Pods_BaseAppTests.framework */ = {isa = PBXFileReference; explicitFileType = wrapper.framework; includeInIndex = 0; path = Pods_BaseAppTests.framework; sourceTree = BUILT_PRODUCTS_DIR; };
		83074A9823FDE8C30055EFE9 /* DashboardView.swift */ = {isa = PBXFileReference; lastKnownFileType = sourcecode.swift; path = DashboardView.swift; sourceTree = "<group>"; };
		83074A9923FDE8C30055EFE9 /* DashboardRouter.swift */ = {isa = PBXFileReference; lastKnownFileType = sourcecode.swift; path = DashboardRouter.swift; sourceTree = "<group>"; };
		83074A9A23FDE8C30055EFE9 /* DashboardStyle.swift */ = {isa = PBXFileReference; lastKnownFileType = sourcecode.swift; path = DashboardStyle.swift; sourceTree = "<group>"; };
		83074A9B23FDE8C30055EFE9 /* DashboardService.swift */ = {isa = PBXFileReference; lastKnownFileType = sourcecode.swift; path = DashboardService.swift; sourceTree = "<group>"; };
		83074A9C23FDE8C30055EFE9 /* DashboardInteractor.swift */ = {isa = PBXFileReference; lastKnownFileType = sourcecode.swift; path = DashboardInteractor.swift; sourceTree = "<group>"; };
		83074A9E23FDE8C30055EFE9 /* DashboardPresenter.swift */ = {isa = PBXFileReference; lastKnownFileType = sourcecode.swift; path = DashboardPresenter.swift; sourceTree = "<group>"; };
		8390CCC423DB7E8000E0DBBD /* Util.swift */ = {isa = PBXFileReference; lastKnownFileType = sourcecode.swift; path = Util.swift; sourceTree = "<group>"; };
		8390CCD523E0C46400E0DBBD /* LoginView.swift */ = {isa = PBXFileReference; lastKnownFileType = sourcecode.swift; path = LoginView.swift; sourceTree = "<group>"; };
		8390CCD623E0C46400E0DBBD /* LoginRouter.swift */ = {isa = PBXFileReference; lastKnownFileType = sourcecode.swift; path = LoginRouter.swift; sourceTree = "<group>"; };
		8390CCD723E0C46400E0DBBD /* LoginStyle.swift */ = {isa = PBXFileReference; lastKnownFileType = sourcecode.swift; path = LoginStyle.swift; sourceTree = "<group>"; };
		8390CCD823E0C46400E0DBBD /* LoginService.swift */ = {isa = PBXFileReference; lastKnownFileType = sourcecode.swift; path = LoginService.swift; sourceTree = "<group>"; };
		8390CCD923E0C46400E0DBBD /* LoginInteractor.swift */ = {isa = PBXFileReference; lastKnownFileType = sourcecode.swift; path = LoginInteractor.swift; sourceTree = "<group>"; };
		8390CCDB23E0C46400E0DBBD /* LoginPresenter.swift */ = {isa = PBXFileReference; lastKnownFileType = sourcecode.swift; path = LoginPresenter.swift; sourceTree = "<group>"; };
		83AA8FB4238381130061782A /* BaseApp.app */ = {isa = PBXFileReference; explicitFileType = wrapper.application; includeInIndex = 0; path = BaseApp.app; sourceTree = BUILT_PRODUCTS_DIR; };
		83AA8FB7238381130061782A /* BaseAppDelegate.swift */ = {isa = PBXFileReference; lastKnownFileType = sourcecode.swift; path = BaseAppDelegate.swift; sourceTree = "<group>"; };
		83AA8FB9238381130061782A /* BaseRootViewController.swift */ = {isa = PBXFileReference; lastKnownFileType = sourcecode.swift; path = BaseRootViewController.swift; sourceTree = "<group>"; };
		83AA8FBE238381150061782A /* BaseAssets.xcassets */ = {isa = PBXFileReference; lastKnownFileType = folder.assetcatalog; path = BaseAssets.xcassets; sourceTree = "<group>"; };
		83AA8FC3238381150061782A /* Info.plist */ = {isa = PBXFileReference; lastKnownFileType = text.plist.xml; path = Info.plist; sourceTree = "<group>"; };
		83AA8FC8238381150061782A /* BaseAppTests.xctest */ = {isa = PBXFileReference; explicitFileType = wrapper.cfbundle; includeInIndex = 0; path = BaseAppTests.xctest; sourceTree = BUILT_PRODUCTS_DIR; };
		83AA8FCC238381150061782A /* BaseAppTests.swift */ = {isa = PBXFileReference; lastKnownFileType = sourcecode.swift; path = BaseAppTests.swift; sourceTree = "<group>"; };
		83AA8FCE238381150061782A /* Info.plist */ = {isa = PBXFileReference; lastKnownFileType = text.plist.xml; path = Info.plist; sourceTree = "<group>"; };
		83AA8FD3238381150061782A /* BaseAppUITests.xctest */ = {isa = PBXFileReference; explicitFileType = wrapper.cfbundle; includeInIndex = 0; path = BaseAppUITests.xctest; sourceTree = BUILT_PRODUCTS_DIR; };
		83AA8FD7238381150061782A /* BaseAppUITests.swift */ = {isa = PBXFileReference; lastKnownFileType = sourcecode.swift; path = BaseAppUITests.swift; sourceTree = "<group>"; };
		83AA8FD9238381150061782A /* Info.plist */ = {isa = PBXFileReference; lastKnownFileType = text.plist.xml; path = Info.plist; sourceTree = "<group>"; };
		83AA8FE62383D01D0061782A /* Constants.swift */ = {isa = PBXFileReference; lastKnownFileType = sourcecode.swift; path = Constants.swift; sourceTree = "<group>"; };
		BB99D505CB987784CBE8517B /* Pods_BaseAppUITests.framework */ = {isa = PBXFileReference; explicitFileType = wrapper.framework; includeInIndex = 0; path = Pods_BaseAppUITests.framework; sourceTree = BUILT_PRODUCTS_DIR; };
		D4E1294D2C901AD39E9C37CA /* Pods-BaseApp.release.xcconfig */ = {isa = PBXFileReference; includeInIndex = 1; lastKnownFileType = text.xcconfig; name = "Pods-BaseApp.release.xcconfig"; path = "Target Support Files/Pods-BaseApp/Pods-BaseApp.release.xcconfig"; sourceTree = "<group>"; };
		D772E17CBCE1DF38F2ABE9A9 /* Pods-BaseApp.debug.xcconfig */ = {isa = PBXFileReference; includeInIndex = 1; lastKnownFileType = text.xcconfig; name = "Pods-BaseApp.debug.xcconfig"; path = "Target Support Files/Pods-BaseApp/Pods-BaseApp.debug.xcconfig"; sourceTree = "<group>"; };
		ED20F812EF05B4A10C5519B0 /* Pods-BaseAppTests.debug.xcconfig */ = {isa = PBXFileReference; includeInIndex = 1; lastKnownFileType = text.xcconfig; name = "Pods-BaseAppTests.debug.xcconfig"; path = "Target Support Files/Pods-BaseAppTests/Pods-BaseAppTests.debug.xcconfig"; sourceTree = "<group>"; };
/* End PBXFileReference section */

/* Begin PBXFrameworksBuildPhase section */
		83AA8FB1238381130061782A /* Frameworks */ = {
			isa = PBXFrameworksBuildPhase;
			buildActionMask = 2147483647;
			files = (
				94D2C3146C4095634849AF31 /* Pods_BaseApp.framework in Frameworks */,
			);
			runOnlyForDeploymentPostprocessing = 0;
		};
		83AA8FC5238381150061782A /* Frameworks */ = {
			isa = PBXFrameworksBuildPhase;
			buildActionMask = 2147483647;
			files = (
				84E433EB5F555013A2CEC5F7 /* Pods_BaseAppTests.framework in Frameworks */,
			);
			runOnlyForDeploymentPostprocessing = 0;
		};
		83AA8FD0238381150061782A /* Frameworks */ = {
			isa = PBXFrameworksBuildPhase;
			buildActionMask = 2147483647;
			files = (
				BE56BF7145574A66DE19770C /* Pods_BaseAppUITests.framework in Frameworks */,
			);
			runOnlyForDeploymentPostprocessing = 0;
		};
/* End PBXFrameworksBuildPhase section */

/* Begin PBXGroup section */
		5B5F03972478E4E80067A256 /* Profile */ = {
			isa = PBXGroup;
			children = (
				5B5F03992478E5010067A256 /* ProfileInteractor.swift */,
				5B5F039A2478E5010067A256 /* ProfilePresenter.swift */,
				5B5F039B2478E5010067A256 /* ProfileRouter.swift */,
				5B5F03982478E5010067A256 /* ProfileService.swift */,
				5B5F039C2478E5020067A256 /* ProfileStyle.swift */,
				5B5F039D2478E5020067A256 /* ProfileView.swift */,
			);
			path = Profile;
			sourceTree = "<group>";
		};
		5B72FF3424647147002FF7F1 /* Localizable */ = {
			isa = PBXGroup;
			children = (
				83AA8FC0238381150061782A /* LaunchScreen.storyboard */,
				5B287248247ECD2200C836E8 /* Localizable.strings */,
			);
			path = Localizable;
			sourceTree = "<group>";
		};
		5B72FF3B2468A65D002FF7F1 /* Manager */ = {
			isa = PBXGroup;
			children = (
				5B72FF3D2468A6BC002FF7F1 /* FBAuth.swift */,
				5B72FF372464727B002FF7F1 /* LocalizableLanguage.swift */,
				5B72FF3924647553002FF7F1 /* LanguageManager.swift */,
				5B72FF66246B4EA5002FF7F1 /* String+Validation.swift */,
				5B860AC62471D6780058358D /* AuthenticationError.swift */,
			);
			path = Manager;
			sourceTree = "<group>";
		};
		5B72FF3C2468A66E002FF7F1 /* Module */ = {
			isa = PBXGroup;
			children = (
				5B5F03972478E4E80067A256 /* Profile */,
				5B860AD724734EFE0058358D /* About */,
				5B860AB3246F5BF60058358D /* Settings */,
				5BBCF21A241C8F1C002BD0C0 /* Signup */,
				83074A9723FDE8AD0055EFE9 /* Dashboard */,
				8390CCB523DA4D4500E0DBBD /* Login */,
			);
			path = Module;
			sourceTree = "<group>";
		};
		5B72FF63246A2A90002FF7F1 /* Entity */ = {
			isa = PBXGroup;
			children = (
				5B72FF64246A2AAD002FF7F1 /* UserDataEntity.swift */,
			);
			path = Entity;
			sourceTree = "<group>";
		};
		5B860AB3246F5BF60058358D /* Settings */ = {
			isa = PBXGroup;
			children = (
				5B860AB4246F5C110058358D /* SettingsView.swift */,
				5B860AB5246F5C110058358D /* SettingsRouter.swift */,
				5B860AB6246F5C110058358D /* SettingsStyle.swift */,
				5B860AB7246F5C110058358D /* SettingsService.swift */,
				5B860AB8246F5C110058358D /* SettingsInteractor.swift */,
				5B860AB9246F5C110058358D /* SettingsPresenter.swift */,
			);
			path = Settings;
			sourceTree = "<group>";
		};
		5B860AD724734EFE0058358D /* About */ = {
			isa = PBXGroup;
			children = (
				5B860AD824734F110058358D /* AboutView.swift */,
				5B860AD924734F110058358D /* AboutRouter.swift */,
				5B860ADA24734F110058358D /* AboutStyle.swift */,
				5B860ADB24734F110058358D /* AboutService.swift */,
				5B860ADC24734F110058358D /* AboutInteractor.swift */,
				5B860ADD24734F110058358D /* AboutPresenter.swift */,
			);
			path = About;
			sourceTree = "<group>";
		};
		5BBCF21A241C8F1C002BD0C0 /* Signup */ = {
			isa = PBXGroup;
			children = (
				5BBCF21B241C8F3A002BD0C0 /* RegisterView.swift */,
				5BBCF21C241C8F3A002BD0C0 /* RegisterRouter.swift */,
				5BBCF21D241C8F3A002BD0C0 /* RegisterStyle.swift */,
				5BBCF21E241C8F3A002BD0C0 /* RegisterService.swift */,
				5BBCF21F241C8F3A002BD0C0 /* RegisterInteractor.swift */,
				5BBCF221241C8F3A002BD0C0 /* RegisterPresenter.swift */,
			);
			path = Signup;
			sourceTree = "<group>";
		};
		83074A9723FDE8AD0055EFE9 /* Dashboard */ = {
			isa = PBXGroup;
			children = (
				83074A9823FDE8C30055EFE9 /* DashboardView.swift */,
				83074A9923FDE8C30055EFE9 /* DashboardRouter.swift */,
				83074A9A23FDE8C30055EFE9 /* DashboardStyle.swift */,
				83074A9B23FDE8C30055EFE9 /* DashboardService.swift */,
				83074A9C23FDE8C30055EFE9 /* DashboardInteractor.swift */,
				83074A9E23FDE8C30055EFE9 /* DashboardPresenter.swift */,
			);
			path = Dashboard;
			sourceTree = "<group>";
		};
		8390CCB523DA4D4500E0DBBD /* Login */ = {
			isa = PBXGroup;
			children = (
				8390CCD523E0C46400E0DBBD /* LoginView.swift */,
				8390CCD623E0C46400E0DBBD /* LoginRouter.swift */,
				8390CCD723E0C46400E0DBBD /* LoginStyle.swift */,
				8390CCD823E0C46400E0DBBD /* LoginService.swift */,
				8390CCD923E0C46400E0DBBD /* LoginInteractor.swift */,
				8390CCDB23E0C46400E0DBBD /* LoginPresenter.swift */,
			);
			path = Login;
			sourceTree = "<group>";
		};
		83AA8FAB238381130061782A = {
			isa = PBXGroup;
			children = (
				83AA8FB6238381130061782A /* BaseApp */,
				83AA8FCB238381150061782A /* BaseAppTests */,
				83AA8FD6238381150061782A /* BaseAppUITests */,
				83AA8FB5238381130061782A /* Products */,
				98E7926319890BD4BC5A02A5 /* Pods */,
				E4EDA212F769FC9E3080A4D5 /* Frameworks */,
			);
			sourceTree = "<group>";
		};
		83AA8FB5238381130061782A /* Products */ = {
			isa = PBXGroup;
			children = (
				83AA8FB4238381130061782A /* BaseApp.app */,
				83AA8FC8238381150061782A /* BaseAppTests.xctest */,
				83AA8FD3238381150061782A /* BaseAppUITests.xctest */,
			);
			name = Products;
			sourceTree = "<group>";
		};
		83AA8FB6238381130061782A /* BaseApp */ = {
			isa = PBXGroup;
			children = (
				5B72FF63246A2A90002FF7F1 /* Entity */,
				5B72FF3C2468A66E002FF7F1 /* Module */,
				5B72FF3B2468A65D002FF7F1 /* Manager */,
				83AA8FE52383D00E0061782A /* Constants */,
				83AA8FB7238381130061782A /* BaseAppDelegate.swift */,
				83AA8FB9238381130061782A /* BaseRootViewController.swift */,
				83AA8FBE238381150061782A /* BaseAssets.xcassets */,
				83AA8FC3238381150061782A /* Info.plist */,
				5B860AC8247338C00058358D /* GoogleService-Info.plist */,
				5B72FF3424647147002FF7F1 /* Localizable */,
			);
			path = BaseApp;
			sourceTree = "<group>";
		};
		83AA8FCB238381150061782A /* BaseAppTests */ = {
			isa = PBXGroup;
			children = (
				83AA8FCC238381150061782A /* BaseAppTests.swift */,
				83AA8FCE238381150061782A /* Info.plist */,
			);
			path = BaseAppTests;
			sourceTree = "<group>";
		};
		83AA8FD6238381150061782A /* BaseAppUITests */ = {
			isa = PBXGroup;
			children = (
				5B03C5CD2480A95800B0195E /* LoginScreen.swift */,
				83AA8FD7238381150061782A /* BaseAppUITests.swift */,
				83AA8FD9238381150061782A /* Info.plist */,
			);
			path = BaseAppUITests;
			sourceTree = "<group>";
		};
		83AA8FE52383D00E0061782A /* Constants */ = {
			isa = PBXGroup;
			children = (
				83AA8FE62383D01D0061782A /* Constants.swift */,
				8390CCC423DB7E8000E0DBBD /* Util.swift */,
				5B72FF68246B542A002FF7F1 /* FontStyle.swift */,
				5B72FF6A246B5DBD002FF7F1 /* BaseStyle.swift */,
			);
			path = Constants;
			sourceTree = "<group>";
		};
		98E7926319890BD4BC5A02A5 /* Pods */ = {
			isa = PBXGroup;
			children = (
				D772E17CBCE1DF38F2ABE9A9 /* Pods-BaseApp.debug.xcconfig */,
				D4E1294D2C901AD39E9C37CA /* Pods-BaseApp.release.xcconfig */,
				ED20F812EF05B4A10C5519B0 /* Pods-BaseAppTests.debug.xcconfig */,
				74C7EC81218ECDAF5BC95E8C /* Pods-BaseAppTests.release.xcconfig */,
				2B4E03FAFFFF764327FBE30B /* Pods-BaseAppUITests.debug.xcconfig */,
				75141B969D840028C273E61F /* Pods-BaseAppUITests.release.xcconfig */,
			);
			path = Pods;
			sourceTree = "<group>";
		};
		E4EDA212F769FC9E3080A4D5 /* Frameworks */ = {
			isa = PBXGroup;
			children = (
				43B8AFAF249616DCD89635F0 /* Pods_BaseApp.framework */,
				7647DD500941D40BE09EF856 /* Pods_BaseAppTests.framework */,
				BB99D505CB987784CBE8517B /* Pods_BaseAppUITests.framework */,
			);
			name = Frameworks;
			sourceTree = "<group>";
		};
/* End PBXGroup section */

/* Begin PBXNativeTarget section */
		83AA8FB3238381130061782A /* BaseApp */ = {
			isa = PBXNativeTarget;
			buildConfigurationList = 83AA8FDC238381150061782A /* Build configuration list for PBXNativeTarget "BaseApp" */;
			buildPhases = (
				D43C55899D28D4BCA545AEAB /* [CP] Check Pods Manifest.lock */,
				83AA8FB0238381130061782A /* Sources */,
				83AA8FB1238381130061782A /* Frameworks */,
				83AA8FB2238381130061782A /* Resources */,
				839F9BDD2384B0DE000A9267 /* ShellScript */,
				5712F62FD7F42617F1718BCE /* [CP] Embed Pods Frameworks */,
			);
			buildRules = (
			);
			dependencies = (
			);
			name = BaseApp;
			productName = BaseApp;
			productReference = 83AA8FB4238381130061782A /* BaseApp.app */;
			productType = "com.apple.product-type.application";
		};
		83AA8FC7238381150061782A /* BaseAppTests */ = {
			isa = PBXNativeTarget;
			buildConfigurationList = 83AA8FDF238381150061782A /* Build configuration list for PBXNativeTarget "BaseAppTests" */;
			buildPhases = (
				BCA7C6997B0BA701A138D6A5 /* [CP] Check Pods Manifest.lock */,
				83AA8FC4238381150061782A /* Sources */,
				83AA8FC5238381150061782A /* Frameworks */,
				83AA8FC6238381150061782A /* Resources */,
				EB549E43933F472AF3A30711 /* [CP] Embed Pods Frameworks */,
			);
			buildRules = (
			);
			dependencies = (
				83AA8FCA238381150061782A /* PBXTargetDependency */,
			);
			name = BaseAppTests;
			productName = BaseAppTests;
			productReference = 83AA8FC8238381150061782A /* BaseAppTests.xctest */;
			productType = "com.apple.product-type.bundle.unit-test";
		};
		83AA8FD2238381150061782A /* BaseAppUITests */ = {
			isa = PBXNativeTarget;
			buildConfigurationList = 83AA8FE2238381150061782A /* Build configuration list for PBXNativeTarget "BaseAppUITests" */;
			buildPhases = (
				7CBF02AA20CBC71F2C1839E3 /* [CP] Check Pods Manifest.lock */,
				83AA8FCF238381150061782A /* Sources */,
				83AA8FD0238381150061782A /* Frameworks */,
				83AA8FD1238381150061782A /* Resources */,
				F8DFC94C53E3FC000502915D /* [CP] Embed Pods Frameworks */,
			);
			buildRules = (
			);
			dependencies = (
				83AA8FD5238381150061782A /* PBXTargetDependency */,
			);
			name = BaseAppUITests;
			productName = BaseAppUITests;
			productReference = 83AA8FD3238381150061782A /* BaseAppUITests.xctest */;
			productType = "com.apple.product-type.bundle.ui-testing";
		};
/* End PBXNativeTarget section */

/* Begin PBXProject section */
		83AA8FAC238381130061782A /* Project object */ = {
			isa = PBXProject;
			attributes = {
				LastSwiftUpdateCheck = 1030;
				LastUpgradeCheck = 1030;
				ORGANIZATIONNAME = RAS;
				TargetAttributes = {
					83AA8FB3238381130061782A = {
						CreatedOnToolsVersion = 10.3;
					};
					83AA8FC7238381150061782A = {
						CreatedOnToolsVersion = 10.3;
						TestTargetID = 83AA8FB3238381130061782A;
					};
					83AA8FD2238381150061782A = {
						CreatedOnToolsVersion = 10.3;
						TestTargetID = 83AA8FB3238381130061782A;
					};
				};
			};
			buildConfigurationList = 83AA8FAF238381130061782A /* Build configuration list for PBXProject "BaseApp" */;
			compatibilityVersion = "Xcode 9.3";
			developmentRegion = en;
			hasScannedForEncodings = 0;
			knownRegions = (
				en,
				Base,
				ml,
			);
			mainGroup = 83AA8FAB238381130061782A;
			productRefGroup = 83AA8FB5238381130061782A /* Products */;
			projectDirPath = "";
			projectRoot = "";
			targets = (
				83AA8FB3238381130061782A /* BaseApp */,
				83AA8FC7238381150061782A /* BaseAppTests */,
				83AA8FD2238381150061782A /* BaseAppUITests */,
			);
		};
/* End PBXProject section */

/* Begin PBXResourcesBuildPhase section */
		83AA8FB2238381130061782A /* Resources */ = {
			isa = PBXResourcesBuildPhase;
			buildActionMask = 2147483647;
			files = (
				5B03C5CF2480D05900B0195E /* GoogleService-Info.plist in Resources */,
				5B28724A247ECD2200C836E8 /* Localizable.strings in Resources */,
				83AA8FC2238381150061782A /* LaunchScreen.storyboard in Resources */,
				83AA8FBF238381150061782A /* BaseAssets.xcassets in Resources */,
			);
			runOnlyForDeploymentPostprocessing = 0;
		};
		83AA8FC6238381150061782A /* Resources */ = {
			isa = PBXResourcesBuildPhase;
			buildActionMask = 2147483647;
			files = (
			);
			runOnlyForDeploymentPostprocessing = 0;
		};
		83AA8FD1238381150061782A /* Resources */ = {
			isa = PBXResourcesBuildPhase;
			buildActionMask = 2147483647;
			files = (
			);
			runOnlyForDeploymentPostprocessing = 0;
		};
/* End PBXResourcesBuildPhase section */

/* Begin PBXShellScriptBuildPhase section */
		5712F62FD7F42617F1718BCE /* [CP] Embed Pods Frameworks */ = {
			isa = PBXShellScriptBuildPhase;
			buildActionMask = 2147483647;
			files = (
			);
			inputFileListPaths = (
				"${PODS_ROOT}/Target Support Files/Pods-BaseApp/Pods-BaseApp-frameworks-${CONFIGURATION}-input-files.xcfilelist",
			);
			name = "[CP] Embed Pods Frameworks";
			outputFileListPaths = (
				"${PODS_ROOT}/Target Support Files/Pods-BaseApp/Pods-BaseApp-frameworks-${CONFIGURATION}-output-files.xcfilelist",
			);
			runOnlyForDeploymentPostprocessing = 0;
			shellPath = /bin/sh;
			shellScript = "\"${PODS_ROOT}/Target Support Files/Pods-BaseApp/Pods-BaseApp-frameworks.sh\"\n";
			showEnvVarsInLog = 0;
		};
		7CBF02AA20CBC71F2C1839E3 /* [CP] Check Pods Manifest.lock */ = {
			isa = PBXShellScriptBuildPhase;
			buildActionMask = 2147483647;
			files = (
			);
			inputFileListPaths = (
			);
			inputPaths = (
				"${PODS_PODFILE_DIR_PATH}/Podfile.lock",
				"${PODS_ROOT}/Manifest.lock",
			);
			name = "[CP] Check Pods Manifest.lock";
			outputFileListPaths = (
			);
			outputPaths = (
				"$(DERIVED_FILE_DIR)/Pods-BaseAppUITests-checkManifestLockResult.txt",
			);
			runOnlyForDeploymentPostprocessing = 0;
			shellPath = /bin/sh;
			shellScript = "diff \"${PODS_PODFILE_DIR_PATH}/Podfile.lock\" \"${PODS_ROOT}/Manifest.lock\" > /dev/null\nif [ $? != 0 ] ; then\n    # print error to STDERR\n    echo \"error: The sandbox is not in sync with the Podfile.lock. Run 'pod install' or update your CocoaPods installation.\" >&2\n    exit 1\nfi\n# This output is used by Xcode 'outputs' to avoid re-running this script phase.\necho \"SUCCESS\" > \"${SCRIPT_OUTPUT_FILE_0}\"\n";
			showEnvVarsInLog = 0;
		};
		839F9BDD2384B0DE000A9267 /* ShellScript */ = {
			isa = PBXShellScriptBuildPhase;
			buildActionMask = 2147483647;
			files = (
			);
			inputFileListPaths = (
			);
			inputPaths = (
			);
			outputFileListPaths = (
			);
			outputPaths = (
			);
			runOnlyForDeploymentPostprocessing = 0;
			shellPath = /bin/sh;
			shellScript = "\"${PODS_ROOT}/Fabric/run\"\n";
		};
		BCA7C6997B0BA701A138D6A5 /* [CP] Check Pods Manifest.lock */ = {
			isa = PBXShellScriptBuildPhase;
			buildActionMask = 2147483647;
			files = (
			);
			inputFileListPaths = (
			);
			inputPaths = (
				"${PODS_PODFILE_DIR_PATH}/Podfile.lock",
				"${PODS_ROOT}/Manifest.lock",
			);
			name = "[CP] Check Pods Manifest.lock";
			outputFileListPaths = (
			);
			outputPaths = (
				"$(DERIVED_FILE_DIR)/Pods-BaseAppTests-checkManifestLockResult.txt",
			);
			runOnlyForDeploymentPostprocessing = 0;
			shellPath = /bin/sh;
			shellScript = "diff \"${PODS_PODFILE_DIR_PATH}/Podfile.lock\" \"${PODS_ROOT}/Manifest.lock\" > /dev/null\nif [ $? != 0 ] ; then\n    # print error to STDERR\n    echo \"error: The sandbox is not in sync with the Podfile.lock. Run 'pod install' or update your CocoaPods installation.\" >&2\n    exit 1\nfi\n# This output is used by Xcode 'outputs' to avoid re-running this script phase.\necho \"SUCCESS\" > \"${SCRIPT_OUTPUT_FILE_0}\"\n";
			showEnvVarsInLog = 0;
		};
		D43C55899D28D4BCA545AEAB /* [CP] Check Pods Manifest.lock */ = {
			isa = PBXShellScriptBuildPhase;
			buildActionMask = 2147483647;
			files = (
			);
			inputFileListPaths = (
			);
			inputPaths = (
				"${PODS_PODFILE_DIR_PATH}/Podfile.lock",
				"${PODS_ROOT}/Manifest.lock",
			);
			name = "[CP] Check Pods Manifest.lock";
			outputFileListPaths = (
			);
			outputPaths = (
				"$(DERIVED_FILE_DIR)/Pods-BaseApp-checkManifestLockResult.txt",
			);
			runOnlyForDeploymentPostprocessing = 0;
			shellPath = /bin/sh;
			shellScript = "diff \"${PODS_PODFILE_DIR_PATH}/Podfile.lock\" \"${PODS_ROOT}/Manifest.lock\" > /dev/null\nif [ $? != 0 ] ; then\n    # print error to STDERR\n    echo \"error: The sandbox is not in sync with the Podfile.lock. Run 'pod install' or update your CocoaPods installation.\" >&2\n    exit 1\nfi\n# This output is used by Xcode 'outputs' to avoid re-running this script phase.\necho \"SUCCESS\" > \"${SCRIPT_OUTPUT_FILE_0}\"\n";
			showEnvVarsInLog = 0;
		};
		EB549E43933F472AF3A30711 /* [CP] Embed Pods Frameworks */ = {
			isa = PBXShellScriptBuildPhase;
			buildActionMask = 2147483647;
			files = (
			);
			inputFileListPaths = (
				"${PODS_ROOT}/Target Support Files/Pods-BaseAppTests/Pods-BaseAppTests-frameworks-${CONFIGURATION}-input-files.xcfilelist",
			);
			name = "[CP] Embed Pods Frameworks";
			outputFileListPaths = (
				"${PODS_ROOT}/Target Support Files/Pods-BaseAppTests/Pods-BaseAppTests-frameworks-${CONFIGURATION}-output-files.xcfilelist",
			);
			runOnlyForDeploymentPostprocessing = 0;
			shellPath = /bin/sh;
			shellScript = "\"${PODS_ROOT}/Target Support Files/Pods-BaseAppTests/Pods-BaseAppTests-frameworks.sh\"\n";
			showEnvVarsInLog = 0;
		};
		F8DFC94C53E3FC000502915D /* [CP] Embed Pods Frameworks */ = {
			isa = PBXShellScriptBuildPhase;
			buildActionMask = 2147483647;
			files = (
			);
			inputFileListPaths = (
				"${PODS_ROOT}/Target Support Files/Pods-BaseAppUITests/Pods-BaseAppUITests-frameworks-${CONFIGURATION}-input-files.xcfilelist",
			);
			name = "[CP] Embed Pods Frameworks";
			outputFileListPaths = (
				"${PODS_ROOT}/Target Support Files/Pods-BaseAppUITests/Pods-BaseAppUITests-frameworks-${CONFIGURATION}-output-files.xcfilelist",
			);
			runOnlyForDeploymentPostprocessing = 0;
			shellPath = /bin/sh;
			shellScript = "\"${PODS_ROOT}/Target Support Files/Pods-BaseAppUITests/Pods-BaseAppUITests-frameworks.sh\"\n";
			showEnvVarsInLog = 0;
		};
/* End PBXShellScriptBuildPhase section */

/* Begin PBXSourcesBuildPhase section */
		83AA8FB0238381130061782A /* Sources */ = {
			isa = PBXSourcesBuildPhase;
			buildActionMask = 2147483647;
			files = (
				5BBCF222241C8F3A002BD0C0 /* RegisterView.swift in Sources */,
				5B5F039E2478E5020067A256 /* ProfileService.swift in Sources */,
				5B72FF3A24647553002FF7F1 /* LanguageManager.swift in Sources */,
				8390CCE223E0C46400E0DBBD /* LoginPresenter.swift in Sources */,
				8390CCDC23E0C46400E0DBBD /* LoginView.swift in Sources */,
				83AA8FBA238381130061782A /* BaseRootViewController.swift in Sources */,
				83074AA023FDE8C30055EFE9 /* DashboardRouter.swift in Sources */,
				5B860AE224734F110058358D /* AboutInteractor.swift in Sources */,
				5B5F03A12478E5020067A256 /* ProfileRouter.swift in Sources */,
				83AA8FB8238381130061782A /* BaseAppDelegate.swift in Sources */,
				83AA8FE72383D01D0061782A /* Constants.swift in Sources */,
				5B5F039F2478E5020067A256 /* ProfileInteractor.swift in Sources */,
				5BBCF224241C8F3A002BD0C0 /* RegisterStyle.swift in Sources */,
				8390CCDF23E0C46400E0DBBD /* LoginService.swift in Sources */,
				5B72FF3E2468A6BC002FF7F1 /* FBAuth.swift in Sources */,
				5B860AE124734F110058358D /* AboutService.swift in Sources */,
				5B860ABB246F5C110058358D /* SettingsRouter.swift in Sources */,
				5B860AE324734F110058358D /* AboutPresenter.swift in Sources */,
				8390CCC523DB7E8000E0DBBD /* Util.swift in Sources */,
				5B860ABE246F5C110058358D /* SettingsInteractor.swift in Sources */,
				5BBCF223241C8F3A002BD0C0 /* RegisterRouter.swift in Sources */,
				5B72FF69246B542A002FF7F1 /* FontStyle.swift in Sources */,
				83074AA523FDE8C30055EFE9 /* DashboardPresenter.swift in Sources */,
				5B5F03A22478E5020067A256 /* ProfileStyle.swift in Sources */,
				5B860ABC246F5C110058358D /* SettingsStyle.swift in Sources */,
				5B5F03A02478E5020067A256 /* ProfilePresenter.swift in Sources */,
				5B860ABA246F5C110058358D /* SettingsView.swift in Sources */,
				5B860ABD246F5C110058358D /* SettingsService.swift in Sources */,
				5B860ADF24734F110058358D /* AboutRouter.swift in Sources */,
				8390CCDE23E0C46400E0DBBD /* LoginStyle.swift in Sources */,
				8390CCDD23E0C46400E0DBBD /* LoginRouter.swift in Sources */,
				5B860AC72471D6780058358D /* AuthenticationError.swift in Sources */,
				5B72FF6B246B5DBD002FF7F1 /* BaseStyle.swift in Sources */,
				83074AA323FDE8C30055EFE9 /* DashboardInteractor.swift in Sources */,
				5BBCF226241C8F3A002BD0C0 /* RegisterInteractor.swift in Sources */,
				83074AA223FDE8C30055EFE9 /* DashboardService.swift in Sources */,
				5B860AE024734F110058358D /* AboutStyle.swift in Sources */,
				8390CCE023E0C46400E0DBBD /* LoginInteractor.swift in Sources */,
				5B72FF65246A2AAD002FF7F1 /* UserDataEntity.swift in Sources */,
				83074AA123FDE8C30055EFE9 /* DashboardStyle.swift in Sources */,
				5B5F03A32478E5020067A256 /* ProfileView.swift in Sources */,
				5BBCF225241C8F3A002BD0C0 /* RegisterService.swift in Sources */,
				5B72FF67246B4EA5002FF7F1 /* String+Validation.swift in Sources */,
				5B860ADE24734F110058358D /* AboutView.swift in Sources */,
				83074A9F23FDE8C30055EFE9 /* DashboardView.swift in Sources */,
				5BBCF228241C8F3A002BD0C0 /* RegisterPresenter.swift in Sources */,
				5B72FF382464727B002FF7F1 /* LocalizableLanguage.swift in Sources */,
				5B860ABF246F5C110058358D /* SettingsPresenter.swift in Sources */,
			);
			runOnlyForDeploymentPostprocessing = 0;
		};
		83AA8FC4238381150061782A /* Sources */ = {
			isa = PBXSourcesBuildPhase;
			buildActionMask = 2147483647;
			files = (
				83AA8FCD238381150061782A /* BaseAppTests.swift in Sources */,
			);
			runOnlyForDeploymentPostprocessing = 0;
		};
		83AA8FCF238381150061782A /* Sources */ = {
			isa = PBXSourcesBuildPhase;
			buildActionMask = 2147483647;
			files = (
				83AA8FD8238381150061782A /* BaseAppUITests.swift in Sources */,
				5B03C5CE2480A95800B0195E /* LoginScreen.swift in Sources */,
			);
			runOnlyForDeploymentPostprocessing = 0;
		};
/* End PBXSourcesBuildPhase section */

/* Begin PBXTargetDependency section */
		83AA8FCA238381150061782A /* PBXTargetDependency */ = {
			isa = PBXTargetDependency;
			target = 83AA8FB3238381130061782A /* BaseApp */;
			targetProxy = 83AA8FC9238381150061782A /* PBXContainerItemProxy */;
		};
		83AA8FD5238381150061782A /* PBXTargetDependency */ = {
			isa = PBXTargetDependency;
			target = 83AA8FB3238381130061782A /* BaseApp */;
			targetProxy = 83AA8FD4238381150061782A /* PBXContainerItemProxy */;
		};
/* End PBXTargetDependency section */

/* Begin PBXVariantGroup section */
		5B287248247ECD2200C836E8 /* Localizable.strings */ = {
			isa = PBXVariantGroup;
			children = (
				5B287249247ECD2200C836E8 /* Base */,
				5B28724B247ECD7900C836E8 /* en */,
				5B28724C247ECD7A00C836E8 /* ml */,
			);
			name = Localizable.strings;
			sourceTree = "<group>";
		};
		83AA8FC0238381150061782A /* LaunchScreen.storyboard */ = {
			isa = PBXVariantGroup;
			children = (
				5B287246247ECC3A00C836E8 /* Base */,
				5B287247247ECC5E00C836E8 /* ml */,
			);
			name = LaunchScreen.storyboard;
			sourceTree = "<group>";
		};
/* End PBXVariantGroup section */

/* Begin XCBuildConfiguration section */
		83AA8FDA238381150061782A /* Debug */ = {
			isa = XCBuildConfiguration;
			buildSettings = {
				ALWAYS_SEARCH_USER_PATHS = NO;
				CLANG_ANALYZER_LOCALIZABILITY_NONLOCALIZED = YES;
				CLANG_ANALYZER_NONNULL = YES;
				CLANG_ANALYZER_NUMBER_OBJECT_CONVERSION = YES_AGGRESSIVE;
				CLANG_CXX_LANGUAGE_STANDARD = "gnu++14";
				CLANG_CXX_LIBRARY = "libc++";
				CLANG_ENABLE_MODULES = YES;
				CLANG_ENABLE_OBJC_ARC = YES;
				CLANG_ENABLE_OBJC_WEAK = YES;
				CLANG_WARN_BLOCK_CAPTURE_AUTORELEASING = YES;
				CLANG_WARN_BOOL_CONVERSION = YES;
				CLANG_WARN_COMMA = YES;
				CLANG_WARN_CONSTANT_CONVERSION = YES;
				CLANG_WARN_DEPRECATED_OBJC_IMPLEMENTATIONS = YES;
				CLANG_WARN_DIRECT_OBJC_ISA_USAGE = YES_ERROR;
				CLANG_WARN_DOCUMENTATION_COMMENTS = YES;
				CLANG_WARN_EMPTY_BODY = YES;
				CLANG_WARN_ENUM_CONVERSION = YES;
				CLANG_WARN_INFINITE_RECURSION = YES;
				CLANG_WARN_INT_CONVERSION = YES;
				CLANG_WARN_NON_LITERAL_NULL_CONVERSION = YES;
				CLANG_WARN_OBJC_IMPLICIT_RETAIN_SELF = YES;
				CLANG_WARN_OBJC_LITERAL_CONVERSION = YES;
				CLANG_WARN_OBJC_ROOT_CLASS = YES_ERROR;
				CLANG_WARN_RANGE_LOOP_ANALYSIS = YES;
				CLANG_WARN_STRICT_PROTOTYPES = YES;
				CLANG_WARN_SUSPICIOUS_MOVE = YES;
				CLANG_WARN_UNGUARDED_AVAILABILITY = YES_AGGRESSIVE;
				CLANG_WARN_UNREACHABLE_CODE = YES;
				CLANG_WARN__DUPLICATE_METHOD_MATCH = YES;
				CODE_SIGN_IDENTITY = "iPhone Developer";
				COPY_PHASE_STRIP = NO;
				DEBUG_INFORMATION_FORMAT = dwarf;
				ENABLE_STRICT_OBJC_MSGSEND = YES;
				ENABLE_TESTABILITY = YES;
				GCC_C_LANGUAGE_STANDARD = gnu11;
				GCC_DYNAMIC_NO_PIC = NO;
				GCC_NO_COMMON_BLOCKS = YES;
				GCC_OPTIMIZATION_LEVEL = 0;
				GCC_PREPROCESSOR_DEFINITIONS = (
					"DEBUG=1",
					"$(inherited)",
				);
				GCC_WARN_64_TO_32_BIT_CONVERSION = YES;
				GCC_WARN_ABOUT_RETURN_TYPE = YES_ERROR;
				GCC_WARN_UNDECLARED_SELECTOR = YES;
				GCC_WARN_UNINITIALIZED_AUTOS = YES_AGGRESSIVE;
				GCC_WARN_UNUSED_FUNCTION = YES;
				GCC_WARN_UNUSED_VARIABLE = YES;
				IPHONEOS_DEPLOYMENT_TARGET = 10.0;
				MTL_ENABLE_DEBUG_INFO = INCLUDE_SOURCE;
				MTL_FAST_MATH = YES;
				ONLY_ACTIVE_ARCH = YES;
				SDKROOT = iphoneos;
				SWIFT_ACTIVE_COMPILATION_CONDITIONS = DEBUG;
				SWIFT_OPTIMIZATION_LEVEL = "-Onone";
				SWIFT_VERSION = 5.0;
			};
			name = Debug;
		};
		83AA8FDB238381150061782A /* Release */ = {
			isa = XCBuildConfiguration;
			buildSettings = {
				ALWAYS_SEARCH_USER_PATHS = NO;
				CLANG_ANALYZER_LOCALIZABILITY_NONLOCALIZED = YES;
				CLANG_ANALYZER_NONNULL = YES;
				CLANG_ANALYZER_NUMBER_OBJECT_CONVERSION = YES_AGGRESSIVE;
				CLANG_CXX_LANGUAGE_STANDARD = "gnu++14";
				CLANG_CXX_LIBRARY = "libc++";
				CLANG_ENABLE_MODULES = YES;
				CLANG_ENABLE_OBJC_ARC = YES;
				CLANG_ENABLE_OBJC_WEAK = YES;
				CLANG_WARN_BLOCK_CAPTURE_AUTORELEASING = YES;
				CLANG_WARN_BOOL_CONVERSION = YES;
				CLANG_WARN_COMMA = YES;
				CLANG_WARN_CONSTANT_CONVERSION = YES;
				CLANG_WARN_DEPRECATED_OBJC_IMPLEMENTATIONS = YES;
				CLANG_WARN_DIRECT_OBJC_ISA_USAGE = YES_ERROR;
				CLANG_WARN_DOCUMENTATION_COMMENTS = YES;
				CLANG_WARN_EMPTY_BODY = YES;
				CLANG_WARN_ENUM_CONVERSION = YES;
				CLANG_WARN_INFINITE_RECURSION = YES;
				CLANG_WARN_INT_CONVERSION = YES;
				CLANG_WARN_NON_LITERAL_NULL_CONVERSION = YES;
				CLANG_WARN_OBJC_IMPLICIT_RETAIN_SELF = YES;
				CLANG_WARN_OBJC_LITERAL_CONVERSION = YES;
				CLANG_WARN_OBJC_ROOT_CLASS = YES_ERROR;
				CLANG_WARN_RANGE_LOOP_ANALYSIS = YES;
				CLANG_WARN_STRICT_PROTOTYPES = YES;
				CLANG_WARN_SUSPICIOUS_MOVE = YES;
				CLANG_WARN_UNGUARDED_AVAILABILITY = YES_AGGRESSIVE;
				CLANG_WARN_UNREACHABLE_CODE = YES;
				CLANG_WARN__DUPLICATE_METHOD_MATCH = YES;
				CODE_SIGN_IDENTITY = "iPhone Developer";
				COPY_PHASE_STRIP = NO;
				DEBUG_INFORMATION_FORMAT = "dwarf-with-dsym";
				ENABLE_NS_ASSERTIONS = NO;
				ENABLE_STRICT_OBJC_MSGSEND = YES;
				GCC_C_LANGUAGE_STANDARD = gnu11;
				GCC_NO_COMMON_BLOCKS = YES;
				GCC_WARN_64_TO_32_BIT_CONVERSION = YES;
				GCC_WARN_ABOUT_RETURN_TYPE = YES_ERROR;
				GCC_WARN_UNDECLARED_SELECTOR = YES;
				GCC_WARN_UNINITIALIZED_AUTOS = YES_AGGRESSIVE;
				GCC_WARN_UNUSED_FUNCTION = YES;
				GCC_WARN_UNUSED_VARIABLE = YES;
				IPHONEOS_DEPLOYMENT_TARGET = 10.0;
				MTL_ENABLE_DEBUG_INFO = NO;
				MTL_FAST_MATH = YES;
				SDKROOT = iphoneos;
				SWIFT_COMPILATION_MODE = wholemodule;
				SWIFT_OPTIMIZATION_LEVEL = "-O";
				SWIFT_VERSION = 5.0;
				VALIDATE_PRODUCT = YES;
			};
			name = Release;
		};
		83AA8FDD238381150061782A /* Debug */ = {
			isa = XCBuildConfiguration;
			baseConfigurationReference = D772E17CBCE1DF38F2ABE9A9 /* Pods-BaseApp.debug.xcconfig */;
			buildSettings = {
				ASSETCATALOG_COMPILER_APPICON_NAME = AppIcon;
				CODE_SIGN_STYLE = Automatic;
				DEBUG_INFORMATION_FORMAT = "dwarf-with-dsym";
				INFOPLIST_FILE = BaseApp/Info.plist;
				LD_RUNPATH_SEARCH_PATHS = (
					"$(inherited)",
					"@executable_path/Frameworks",
				);
				PRODUCT_BUNDLE_IDENTIFIER = com.ras.BaseApp;
				PRODUCT_NAME = "$(TARGET_NAME)";
				SWIFT_VERSION = 5.0;
				TARGETED_DEVICE_FAMILY = "1,2";
			};
			name = Debug;
		};
		83AA8FDE238381150061782A /* Release */ = {
			isa = XCBuildConfiguration;
			baseConfigurationReference = D4E1294D2C901AD39E9C37CA /* Pods-BaseApp.release.xcconfig */;
			buildSettings = {
				ASSETCATALOG_COMPILER_APPICON_NAME = AppIcon;
				CODE_SIGN_STYLE = Automatic;
				INFOPLIST_FILE = BaseApp/Info.plist;
				LD_RUNPATH_SEARCH_PATHS = (
					"$(inherited)",
					"@executable_path/Frameworks",
				);
				PRODUCT_BUNDLE_IDENTIFIER = com.ras.BaseApp;
				PRODUCT_NAME = "$(TARGET_NAME)";
				SWIFT_VERSION = 5.0;
				TARGETED_DEVICE_FAMILY = "1,2";
			};
			name = Release;
		};
		83AA8FE0238381150061782A /* Debug */ = {
			isa = XCBuildConfiguration;
			baseConfigurationReference = ED20F812EF05B4A10C5519B0 /* Pods-BaseAppTests.debug.xcconfig */;
			buildSettings = {
				ALWAYS_EMBED_SWIFT_STANDARD_LIBRARIES = "$(inherited)";
				BUNDLE_LOADER = "$(TEST_HOST)";
				CODE_SIGN_STYLE = Automatic;
				INFOPLIST_FILE = BaseAppTests/Info.plist;
				LD_RUNPATH_SEARCH_PATHS = (
					"$(inherited)",
					"@executable_path/Frameworks",
					"@loader_path/Frameworks",
				);
				PRODUCT_BUNDLE_IDENTIFIER = com.ras.BaseAppTests;
				PRODUCT_NAME = "$(TARGET_NAME)";
				SWIFT_VERSION = 5.0;
				TARGETED_DEVICE_FAMILY = "1,2";
				TEST_HOST = "$(BUILT_PRODUCTS_DIR)/BaseApp.app/BaseApp";
			};
			name = Debug;
		};
		83AA8FE1238381150061782A /* Release */ = {
			isa = XCBuildConfiguration;
			baseConfigurationReference = 74C7EC81218ECDAF5BC95E8C /* Pods-BaseAppTests.release.xcconfig */;
			buildSettings = {
				ALWAYS_EMBED_SWIFT_STANDARD_LIBRARIES = "$(inherited)";
				BUNDLE_LOADER = "$(TEST_HOST)";
				CODE_SIGN_STYLE = Automatic;
				INFOPLIST_FILE = BaseAppTests/Info.plist;
				LD_RUNPATH_SEARCH_PATHS = (
					"$(inherited)",
					"@executable_path/Frameworks",
					"@loader_path/Frameworks",
				);
				PRODUCT_BUNDLE_IDENTIFIER = com.ras.BaseAppTests;
				PRODUCT_NAME = "$(TARGET_NAME)";
				SWIFT_VERSION = 5.0;
				TARGETED_DEVICE_FAMILY = "1,2";
				TEST_HOST = "$(BUILT_PRODUCTS_DIR)/BaseApp.app/BaseApp";
			};
			name = Release;
		};
		83AA8FE3238381150061782A /* Debug */ = {
			isa = XCBuildConfiguration;
			baseConfigurationReference = 2B4E03FAFFFF764327FBE30B /* Pods-BaseAppUITests.debug.xcconfig */;
			buildSettings = {
				ALWAYS_EMBED_SWIFT_STANDARD_LIBRARIES = "$(inherited)";
				CODE_SIGN_STYLE = Automatic;
				INFOPLIST_FILE = BaseAppUITests/Info.plist;
				LD_RUNPATH_SEARCH_PATHS = (
					"$(inherited)",
					"@executable_path/Frameworks",
					"@loader_path/Frameworks",
				);
				PRODUCT_BUNDLE_IDENTIFIER = com.ras.BaseAppUITests;
				PRODUCT_NAME = "$(TARGET_NAME)";
				SWIFT_VERSION = 5.0;
				TARGETED_DEVICE_FAMILY = "1,2";
				TEST_TARGET_NAME = BaseApp;
			};
			name = Debug;
		};
		83AA8FE4238381150061782A /* Release */ = {
			isa = XCBuildConfiguration;
			baseConfigurationReference = 75141B969D840028C273E61F /* Pods-BaseAppUITests.release.xcconfig */;
			buildSettings = {
				ALWAYS_EMBED_SWIFT_STANDARD_LIBRARIES = "$(inherited)";
				CODE_SIGN_STYLE = Automatic;
				INFOPLIST_FILE = BaseAppUITests/Info.plist;
				LD_RUNPATH_SEARCH_PATHS = (
					"$(inherited)",
					"@executable_path/Frameworks",
					"@loader_path/Frameworks",
				);
				PRODUCT_BUNDLE_IDENTIFIER = com.ras.BaseAppUITests;
				PRODUCT_NAME = "$(TARGET_NAME)";
				SWIFT_VERSION = 5.0;
				TARGETED_DEVICE_FAMILY = "1,2";
				TEST_TARGET_NAME = BaseApp;
			};
			name = Release;
		};
/* End XCBuildConfiguration section */

/* Begin XCConfigurationList section */
		83AA8FAF238381130061782A /* Build configuration list for PBXProject "BaseApp" */ = {
			isa = XCConfigurationList;
			buildConfigurations = (
				83AA8FDA238381150061782A /* Debug */,
				83AA8FDB238381150061782A /* Release */,
			);
			defaultConfigurationIsVisible = 0;
			defaultConfigurationName = Release;
		};
		83AA8FDC238381150061782A /* Build configuration list for PBXNativeTarget "BaseApp" */ = {
			isa = XCConfigurationList;
			buildConfigurations = (
				83AA8FDD238381150061782A /* Debug */,
				83AA8FDE238381150061782A /* Release */,
			);
			defaultConfigurationIsVisible = 0;
			defaultConfigurationName = Release;
		};
		83AA8FDF238381150061782A /* Build configuration list for PBXNativeTarget "BaseAppTests" */ = {
			isa = XCConfigurationList;
			buildConfigurations = (
				83AA8FE0238381150061782A /* Debug */,
				83AA8FE1238381150061782A /* Release */,
			);
			defaultConfigurationIsVisible = 0;
			defaultConfigurationName = Release;
		};
		83AA8FE2238381150061782A /* Build configuration list for PBXNativeTarget "BaseAppUITests" */ = {
			isa = XCConfigurationList;
			buildConfigurations = (
				83AA8FE3238381150061782A /* Debug */,
				83AA8FE4238381150061782A /* Release */,
			);
			defaultConfigurationIsVisible = 0;
			defaultConfigurationName = Release;
		};
/* End XCConfigurationList section */
	};
	rootObject = 83AA8FAC238381130061782A /* Project object */;
}
